
Microsoft Visual Studio Solution File, Format Version 12.00
# Visual Studio Version 16
VisualStudioVersion = 16.0.31605.320
MinimumVisualStudioVersion = 10.0.40219.1
Project("{9A19103F-16F7-4668-BE54-9A1E7A4F7556}") = "TCP-Server", "TCP-Server\TCP-Server.csproj", "{9C0AC043-B604-4019-A696-883987440509}"
EndProject
Project("{FAE04EC0-301F-11D3-BF4B-00C04F79EFBC}") = "Helper", "Helper\Helper.csproj", "{C96B40F2-AD12-441F-9930-4A9A13680CB1}"
EndProject
Project("{FAE04EC0-301F-11D3-BF4B-00C04F79EFBC}") = "TCP-Client", "TCP-Client\TCP-Client.csproj", "{33BA5CCB-F1C1-4D60-9C89-E69467479728}"
EndProject
Global
	GlobalSection(SolutionConfigurationPlatforms) = preSolution
		Debug|Any CPU = Debug|Any CPU
		Release|Any CPU = Release|Any CPU
	EndGlobalSection
	GlobalSection(ProjectConfigurationPlatforms) = postSolution
		{9C0AC043-B604-4019-A696-883987440509}.Debug|Any CPU.ActiveCfg = Debug|Any CPU
		{9C0AC043-B604-4019-A696-883987440509}.Debug|Any CPU.Build.0 = Debug|Any CPU
		{9C0AC043-B604-4019-A696-883987440509}.Release|Any CPU.ActiveCfg = Release|Any CPU
		{9C0AC043-B604-4019-A696-883987440509}.Release|Any CPU.Build.0 = Release|Any CPU
		{C96B40F2-AD12-441F-9930-4A9A13680CB1}.Debug|Any CPU.ActiveCfg = Debug|Any CPU
		{C96B40F2-AD12-441F-9930-4A9A13680CB1}.Debug|Any CPU.Build.0 = Debug|Any CPU
		{C96B40F2-AD12-441F-9930-4A9A13680CB1}.Release|Any CPU.ActiveCfg = Release|Any CPU
		{C96B40F2-AD12-441F-9930-4A9A13680CB1}.Release|Any CPU.Build.0 = Release|Any CPU
		{33BA5CCB-F1C1-4D60-9C89-E69467479728}.Debug|Any CPU.ActiveCfg = Debug|Any CPU
		{33BA5CCB-F1C1-4D60-9C89-E69467479728}.Debug|Any CPU.Build.0 = Debug|Any CPU
		{33BA5CCB-F1C1-4D60-9C89-E69467479728}.Release|Any CPU.ActiveCfg = Release|Any CPU
		{33BA5CCB-F1C1-4D60-9C89-E69467479728}.Release|Any CPU.Build.0 = Release|Any CPU
	EndGlobalSection
	GlobalSection(SolutionProperties) = preSolution
		HideSolutionNode = FALSE
	EndGlobalSection
	GlobalSection(ExtensibilityGlobals) = postSolution
		SolutionGuid = {AFF31C5C-A053-4825-8204-E86CB8EF8CDB}
	EndGlobalSection
EndGlobal
